{
  "name": "maison-calme",
  "version": "1.0.0",
  "lockfileVersion": 3,
  "requires": true,
  "packages": {
    "": {
      "name": "maison-calme",
      "version": "1.0.0",
      "license": "ISC",
      "dependencies": {
        "three": "^0.186.1",
        "three-gpu-pathtracer": "^0.0.27",
        "three-mesh-bvh": "^0.9.16"
      }
    },
    "node_modules/three": {
      "version": "0.186.1",
      "resolved": "https://registry.npmjs.org/three/-/three-0.186.1.tgz",
      "integrity": "sha512-blFeqb49wRCSGUGj7gtpfnSGHy2lwDk94RhUmS1c/hTby70kvChbWpkJ4Pm1390LqzzvTmzgXKHPEafJwCb8jA==",
      "license": "MIT"
    },
    "node_modules/three-gpu-pathtracer": {
      "version": "0.0.27",
      "resolved": "https://registry.npmjs.org/three-gpu-pathtracer/-/three-gpu-pathtracer-0.0.27.tgz",
      "integrity": "sha512-NLUYnL9nSLcUFurIHHLHbnmpKLaXi8JbGqfTeWRSx4h+l7Ndpllwj2DK2uOYTSUaN5+PuZ1JRqv1ynHEB1XCwQ==",
      "license": "MIT",
      "peerDependencies": {
        "three": ">=0.185.0",
        "three-mesh-bvh": ">=0.9.15",
        "xatlas-web": "^0.1.0"
      }
    },
    "node_modules/three-mesh-bvh": {
      "version": "0.9.16",
      "resolved": "https://registry.npmjs.org/three-mesh-bvh/-/three-mesh-bvh-0.9.16.tgz",
      "integrity": "sha512-2RK+5MJOaiHJhopURn2CUkOHiF3tFloD0uZBfhebV0CKB7mgVLpWUWaDpOyhNJRDkKKe7x4rRfTHZ32GwpXdkw==",
      "license": "MIT",
      "peerDependencies": {
        "three": ">= 0.159.0"
      }
    },
    "node_modules/xatlas-web": {
      "version": "0.1.0",
      "resolved": "https://registry.npmjs.org/xatlas-web/-/xatlas-web-0.1.0.tgz",
      "integrity": "sha512-PprVfuXbaIskxLTLBUQRaWfgSy9xUQqAMIRooOw0P6NYqwgh6T0voeer6+Z5M7AFt5SGXUybuww/uDGs1yw8vQ==",
      "license": "MIT",
      "peer": true
    }
  }
}
